// !$*UTF8*$!
{
	archiveVersion = 1;
	classes = {
	};
	objectVersion = 50;
	objects = {

/* Begin PBXBuildFile section */
		AC97E8C322784B7A0091877C /* file.c in Sources */ = {isa = PBXBuildFile; fileRef = AC97E8C222784B7A0091877C /* file.c */; };
		ACB06CB222807C5500514992 /* plist.c in Sources */ = {isa = PBXBuildFile; fileRef = ACB06CB122807C5500514992 /* plist.c */; };
		ACBD20B222775F800027CC2B /* cli.c in Sources */ = {isa = PBXBuildFile; fileRef = ACBD20B122775F800027CC2B /* cli.c */; };
		ACEA98372270C86C00003F0F /* main.c in Sources */ = {isa = PBXBuildFile; fileRef = ACEA98362270C86C00003F0F /* main.c */; };
/* End PBXBuildFile section */

/* Begin PBXCopyFilesBuildPhase section */
		ACEA98312270C86C00003F0F /* CopyFiles */ = {
			isa = PBXCopyFilesBuildPhase;
			buildActionMask = 2147483647;
			dstPath = /usr/share/man/man1/;
			dstSubfolderSpec = 0;
			files = (
			);
			runOnlyForDeploymentPostprocessing = 1;
		};
/* End PBXCopyFilesBuildPhase section */

/* Begin PBXFileReference section */
		AC97E8C022784AD40091877C /* player01.txt */ = {isa = PBXFileReference; lastKnownFileType = text; path = player01.txt; sourceTree = "<group>"; };
		AC97E8C122784B7A0091877C /* file.h */ = {isa = PBXFileReference; lastKnownFileType = sourcecode.c.h; path = file.h; sourceTree = "<group>"; };
		AC97E8C222784B7A0091877C /* file.c */ = {isa = PBXFileReference; lastKnownFileType = sourcecode.c.c; path = file.c; sourceTree = "<group>"; };
		AC97E8C4227855CA0091877C /* bot.h */ = {isa = PBXFileReference; lastKnownFileType = sourcecode.c.h; path = bot.h; sourceTree = "<group>"; };
		ACB06CB022807C5500514992 /* plist.h */ = {isa = PBXFileReference; lastKnownFileType = sourcecode.c.h; path = plist.h; sourceTree = "<group>"; };
		ACB06CB122807C5500514992 /* plist.c */ = {isa = PBXFileReference; lastKnownFileType = sourcecode.c.c; path = plist.c; sourceTree = "<group>"; };
		ACB06CB322807CE000514992 /* stack.h */ = {isa = PBXFileReference; lastKnownFileType = sourcecode.c.h; path = stack.h; sourceTree = "<group>"; };
		ACB06CB422807D1100514992 /* node.h */ = {isa = PBXFileReference; lastKnownFileType = sourcecode.c.h; path = node.h; sourceTree = "<group>"; };
		ACBD20AF22775DFC0027CC2B /* card.h */ = {isa = PBXFileReference; lastKnownFileType = sourcecode.c.h; path = card.h; sourceTree = "<group>"; };
		ACBD20B022775F800027CC2B /* cli.h */ = {isa = PBXFileReference; lastKnownFileType = sourcecode.c.h; path = cli.h; sourceTree = "<group>"; };
		ACBD20B122775F800027CC2B /* cli.c */ = {isa = PBXFileReference; lastKnownFileType = sourcecode.c.c; path = cli.c; sourceTree = "<group>"; };
		ACEA98332270C86C00003F0F /* UNO */ = {isa = PBXFileReference; explicitFileType = "compiled.mach-o.executable"; includeInIndex = 0; path = UNO; sourceTree = BUILT_PRODUCTS_DIR; };
		ACEA98362270C86C00003F0F /* main.c */ = {isa = PBXFileReference; lastKnownFileType = sourcecode.c.c; path = main.c; sourceTree = "<group>"; };
		ACEA983D2270C8BD00003F0F /* player.h */ = {isa = PBXFileReference; lastKnownFileType = sourcecode.c.h; path = player.h; sourceTree = "<group>"; };
/* End PBXFileReference section */

/* Begin PBXFrameworksBuildPhase section */
		ACEA98302270C86C00003F0F /* Frameworks */ = {
			isa = PBXFrameworksBuildPhase;
			buildActionMask = 2147483647;
			files = (
			);
			runOnlyForDeploymentPostprocessing = 0;
		};
/* End PBXFrameworksBuildPhase section */

/* Begin PBXGroup section */
		ACEA982A2270C86C00003F0F = {
			isa = PBXGroup;
			children = (
				ACEA98352270C86C00003F0F /* UNO */,
				ACEA98342270C86C00003F0F /* Products */,
			);
			sourceTree = "<group>";
		};
		ACEA98342270C86C00003F0F /* Products */ = {
			isa = PBXGroup;
			children = (
				ACEA98332270C86C00003F0F /* UNO */,
			);
			name = Products;
			sourceTree = "<group>";
		};
		ACEA98352270C86C00003F0F /* UNO */ = {
			isa = PBXGroup;
			children = (
				ACEA98362270C86C00003F0F /* main.c */,
				ACBD20AF22775DFC0027CC2B /* card.h */,
				ACBD20B022775F800027CC2B /* cli.h */,
				ACBD20B122775F800027CC2B /* cli.c */,
				AC97E8C122784B7A0091877C /* file.h */,
				AC97E8C222784B7A0091877C /* file.c */,
				ACEA983D2270C8BD00003F0F /* player.h */,
				AC97E8C4227855CA0091877C /* bot.h */,
				AC97E8C022784AD40091877C /* player01.txt */,
				ACB06CB022807C5500514992 /* plist.h */,
				ACB06CB122807C5500514992 /* plist.c */,
				ACB06CB322807CE000514992 /* stack.h */,
				ACB06CB422807D1100514992 /* node.h */,
			);
			path = UNO;
			sourceTree = "<group>";
		};
/* End PBXGroup section */

/* Begin PBXNativeTarget section */
		ACEA98322270C86C00003F0F /* UNO */ = {
			isa = PBXNativeTarget;
			buildConfigurationList = ACEA983A2270C86C00003F0F /* Build configuration list for PBXNativeTarget "UNO" */;
			buildPhases = (
				ACEA982F2270C86C00003F0F /* Sources */,
				ACEA98302270C86C00003F0F /* Frameworks */,
				ACEA98312270C86C00003F0F /* CopyFiles */,
			);
			buildRules = (
			);
			dependencies = (
			);
			name = UNO;
			productName = UNO;
			productReference = ACEA98332270C86C00003F0F /* UNO */;
			productType = "com.apple.product-type.tool";
		};
/* End PBXNativeTarget section */

/* Begin PBXProject section */
		ACEA982B2270C86C00003F0F /* Project object */ = {
			isa = PBXProject;
			attributes = {
				LastUpgradeCheck = 1020;
				ORGANIZATIONNAME = "Alex Lopez";
				TargetAttributes = {
					ACEA98322270C86C00003F0F = {
						CreatedOnToolsVersion = 10.2.1;
					};
				};
			};
			buildConfigurationList = ACEA982E2270C86C00003F0F /* Build configuration list for PBXProject "UNO" */;
			compatibilityVersion = "Xcode 9.3";
			developmentRegion = en;
			hasScannedForEncodings = 0;
			knownRegions = (
				en,
			);
			mainGroup = ACEA982A2270C86C00003F0F;
			productRefGroup = ACEA98342270C86C00003F0F /* Products */;
			projectDirPath = "";
			projectRoot = "";
			targets = (
				ACEA98322270C86C00003F0F /* UNO */,
			);
		};
/* End PBXProject section */

/* Begin PBXSourcesBuildPhase section */
		ACEA982F2270C86C00003F0F /* Sources */ = {
			isa = PBXSourcesBuildPhase;
			buildActionMask = 2147483647;
			files = (
				ACB06CB222807C5500514992 /* plist.c in Sources */,
				ACBD20B222775F800027CC2B /* cli.c in Sources */,
				ACEA98372270C86C00003F0F /* main.c in Sources */,
				AC97E8C322784B7A0091877C /* file.c in Sources */,
			);
			runOnlyForDeploymentPostprocessing = 0;
		};
/* End PBXSourcesBuildPhase section */

/* Begin XCBuildConfiguration section */
		ACEA98382270C86C00003F0F /* Debug */ = {
			isa = XCBuildConfiguration;
			buildSettings = {
				ALWAYS_SEARCH_USER_PATHS = NO;
				CLANG_ANALYZER_NONNULL = YES;
				CLANG_ANALYZER_NUMBER_OBJECT_CONVERSION = YES_AGGRESSIVE;
				CLANG_CXX_LANGUAGE_STANDARD = "gnu++14";
				CLANG_CXX_LIBRARY = "libc++";
				CLANG_ENABLE_MODULES = YES;
				CLANG_ENABLE_OBJC_ARC = YES;
				CLANG_ENABLE_OBJC_WEAK = YES;
				CLANG_WARN_BLOCK_CAPTURE_AUTORELEASING = YES;
				CLANG_WARN_BOOL_CONVERSION = YES;
				CLANG_WARN_COMMA = YES;
				CLANG_WARN_CONSTANT_CONVERSION = YES;
				CLANG_WARN_DEPRECATED_OBJC_IMPLEMENTATIONS = YES;
				CLANG_WARN_DIRECT_OBJC_ISA_USAGE = YES_ERROR;
				CLANG_WARN_DOCUMENTATION_COMMENTS = YES;
				CLANG_WARN_EMPTY_BODY = YES;
				CLANG_WARN_ENUM_CONVERSION = YES;
				CLANG_WARN_INFINITE_RECURSION = YES;
				CLANG_WARN_INT_CONVERSION = YES;
				CLANG_WARN_NON_LITERAL_NULL_CONVERSION = YES;
				CLANG_WARN_OBJC_IMPLICIT_RETAIN_SELF = YES;
				CLANG_WARN_OBJC_LITERAL_CONVERSION = YES;
				CLANG_WARN_OBJC_ROOT_CLASS = YES_ERROR;
				CLANG_WARN_RANGE_LOOP_ANALYSIS = YES;
				CLANG_WARN_STRICT_PROTOTYPES = YES;
				CLANG_WARN_SUSPICIOUS_MOVE = YES;
				CLANG_WARN_UNGUARDED_AVAILABILITY = YES_AGGRESSIVE;
				CLANG_WARN_UNREACHABLE_CODE = YES;
				CLANG_WARN__DUPLICATE_METHOD_MATCH = YES;
				CODE_SIGN_IDENTITY = "Mac Developer";
				COPY_PHASE_STRIP = NO;
				DEBUG_INFORMATION_FORMAT = dwarf;
				ENABLE_STRICT_OBJC_MSGSEND = YES;
				ENABLE_TESTABILITY = YES;
				GCC_C_LANGUAGE_STANDARD = gnu11;
				GCC_DYNAMIC_NO_PIC = NO;
				GCC_NO_COMMON_BLOCKS = YES;
				GCC_OPTIMIZATION_LEVEL = 0;
				GCC_PREPROCESSOR_DEFINITIONS = (
					"DEBUG=1",
					"$(inherited)",
				);
				GCC_WARN_64_TO_32_BIT_CONVERSION = YES;
				GCC_WARN_ABOUT_RETURN_TYPE = YES_ERROR;
				GCC_WARN_UNDECLARED_SELECTOR = YES;
				GCC_WARN_UNINITIALIZED_AUTOS = YES_AGGRESSIVE;
				GCC_WARN_UNUSED_FUNCTION = YES;
				GCC_WARN_UNUSED_VARIABLE = YES;
				MACOSX_DEPLOYMENT_TARGET = 10.14;
				MTL_ENABLE_DEBUG_INFO = INCLUDE_SOURCE;
				MTL_FAST_MATH = YES;
				ONLY_ACTIVE_ARCH = YES;
				SDKROOT = macosx;
			};
			name = Debug;
		};
		ACEA98392270C86C00003F0F /* Release */ = {
			isa = XCBuildConfiguration;
			buildSettings = {
				ALWAYS_SEARCH_USER_PATHS = NO;
				CLANG_ANALYZER_NONNULL = YES;
				CLANG_ANALYZER_NUMBER_OBJECT_CONVERSION = YES_AGGRESSIVE;
				CLANG_CXX_LANGUAGE_STANDARD = "gnu++14";
				CLANG_CXX_LIBRARY = "libc++";
				CLANG_ENABLE_MODULES = YES;
				CLANG_ENABLE_OBJC_ARC = YES;
				CLANG_ENABLE_OBJC_WEAK = YES;
				CLANG_WARN_BLOCK_CAPTURE_AUTORELEASING = YES;
				CLANG_WARN_BOOL_CONVERSION = YES;
				CLANG_WARN_COMMA = YES;
				CLANG_WARN_CONSTANT_CONVERSION = YES;
				CLANG_WARN_DEPRECATED_OBJC_IMPLEMENTATIONS = YES;
				CLANG_WARN_DIRECT_OBJC_ISA_USAGE = YES_ERROR;
				CLANG_WARN_DOCUMENTATION_COMMENTS = YES;
				CLANG_WARN_EMPTY_BODY = YES;
				CLANG_WARN_ENUM_CONVERSION = YES;
				CLANG_WARN_INFINITE_RECURSION = YES;
				CLANG_WARN_INT_CONVERSION = YES;
				CLANG_WARN_NON_LITERAL_NULL_CONVERSION = YES;
				CLANG_WARN_OBJC_IMPLICIT_RETAIN_SELF = YES;
				CLANG_WARN_OBJC_LITERAL_CONVERSION = YES;
				CLANG_WARN_OBJC_ROOT_CLASS = YES_ERROR;
				CLANG_WARN_RANGE_LOOP_ANALYSIS = YES;
				CLANG_WARN_STRICT_PROTOTYPES = YES;
				CLANG_WARN_SUSPICIOUS_MOVE = YES;
				CLANG_WARN_UNGUARDED_AVAILABILITY = YES_AGGRESSIVE;
				CLANG_WARN_UNREACHABLE_CODE = YES;
				CLANG_WARN__DUPLICATE_METHOD_MATCH = YES;
				CODE_SIGN_IDENTITY = "Mac Developer";
				COPY_PHASE_STRIP = NO;
				DEBUG_INFORMATION_FORMAT = "dwarf-with-dsym";
				ENABLE_NS_ASSERTIONS = NO;
				ENABLE_STRICT_OBJC_MSGSEND = YES;
				GCC_C_LANGUAGE_STANDARD = gnu11;
				GCC_NO_COMMON_BLOCKS = YES;
				GCC_WARN_64_TO_32_BIT_CONVERSION = YES;
				GCC_WARN_ABOUT_RETURN_TYPE = YES_ERROR;
				GCC_WARN_UNDECLARED_SELECTOR = YES;
				GCC_WARN_UNINITIALIZED_AUTOS = YES_AGGRESSIVE;
				GCC_WARN_UNUSED_FUNCTION = YES;
				GCC_WARN_UNUSED_VARIABLE = YES;
				MACOSX_DEPLOYMENT_TARGET = 10.14;
				MTL_ENABLE_DEBUG_INFO = NO;
				MTL_FAST_MATH = YES;
				SDKROOT = macosx;
			};
			name = Release;
		};
		ACEA983B2270C86C00003F0F /* Debug */ = {
			isa = XCBuildConfiguration;
			buildSettings = {
				CODE_SIGN_STYLE = Automatic;
				DEVELOPMENT_TEAM = LX4P693W2D;
				PRODUCT_NAME = "$(TARGET_NAME)";
			};
			name = Debug;
		};
		ACEA983C2270C86C00003F0F /* Release */ = {
			isa = XCBuildConfiguration;
			buildSettings = {
				CODE_SIGN_STYLE = Automatic;
				DEVELOPMENT_TEAM = LX4P693W2D;
				PRODUCT_NAME = "$(TARGET_NAME)";
			};
			name = Release;
		};
/* End XCBuildConfiguration section */

/* Begin XCConfigurationList section */
		ACEA982E2270C86C00003F0F /* Build configuration list for PBXProject "UNO" */ = {
			isa = XCConfigurationList;
			buildConfigurations = (
				ACEA98382270C86C00003F0F /* Debug */,
				ACEA98392270C86C00003F0F /* Release */,
			);
			defaultConfigurationIsVisible = 0;
			defaultConfigurationName = Release;
		};
		ACEA983A2270C86C00003F0F /* Build configuration list for PBXNativeTarget "UNO" */ = {
			isa = XCConfigurationList;
			buildConfigurations = (
				ACEA983B2270C86C00003F0F /* Debug */,
				ACEA983C2270C86C00003F0F /* Release */,
			);
			defaultConfigurationIsVisible = 0;
			defaultConfigurationName = Release;
		};
/* End XCConfigurationList section */
	};
	rootObject = ACEA982B2270C86C00003F0F /* Project object */;
}
